hash: 10ce2dc7162dd421cea5eb850c2aee208e0e2ab925f4301e0813c77baa259ddc
updated: 2016-11-26T00:22:36.800677673+09:00
imports:
- name: github.com/1ambda/golang
  version: 6871b0d04be1bf2f294c406a85885bcb798025ac
  subpackages:
  - go-kit-tutorial/stringsvc2/endpoint
  - go-kit-tutorial/stringsvc2/service
  - go-kit-tutorial/stringsvc2/transport
- name: github.com/afex/hystrix-go
  version: 39520ddd07a9d9a071d615f7476798659f5a3b89
  subpackages:
  - hystrix
  - hystrix/metric_collector
  - hystrix/rolling
- name: github.com/beorn7/perks
  version: 4c0e84591b9aa9e6dcfdf3e020114cd81f89d5f9
  subpackages:
  - quantile
- name: github.com/codegangsta/gin
  version: 200f0a2e339b4cb9e44d37f678b45f2e983fec0d
- name: github.com/go-kit/kit
  version: f66b0e13579bfc5a48b9e2a94b1209c107ea1f41
  subpackages:
  - circuitbreaker
  - endpoint
  - log
  - metrics
  - metrics/internal/lv
  - metrics/prometheus
  - sd
  - transport/http
- name: github.com/go-logfmt/logfmt
  version: 390ab7935ee28ec6b286364bba9b4dd6410cb3d5
- name: github.com/go-stack/stack
  version: 100eb0c0a9c5b306ca2fb4f165df21d80ada4b82
- name: github.com/golang/protobuf
  version: 8ee79997227bf9b34611aee7946ae64735e6fd93
  subpackages:
  - proto
- name: github.com/juju/ratelimit
  version: 77ed1c8a01217656d2080ad51981f6e99adaa177
- name: github.com/kr/logfmt
  version: b84e30acd515aadc4b783ad4ff83aff3299bdfe0
- name: github.com/matttproud/golang_protobuf_extensions
  version: c12348ce28de40eed0136aa2b644d0ee0650e56c
  subpackages:
  - pbutil
- name: github.com/pkg/errors
  version: 645ef00459ed84a119197bfb8d8205042c6df63d
- name: github.com/prometheus/client_golang
  version: c5b7fccd204277076155f10851dad72b76a49317
  subpackages:
  - prometheus
- name: github.com/prometheus/client_model
  version: fa8ad6fec33561be4280a8f0514318c79d7f6cb6
  subpackages:
  - go
- name: github.com/prometheus/common
  version: 0d5de9d6d8629cb8bee6d4674da4127cd8b615a3
  subpackages:
  - expfmt
  - internal/bitbucket.org/ww/goautoneg
  - model
- name: github.com/prometheus/procfs
  version: abf152e5f3e97f2fafac028d2cc06c1feb87ffa5
- name: github.com/sony/gobreaker
  version: 809bcd5a528f344e95c2368796c9225d128f9b3e
- name: github.com/streadway/handy
  version: f450267a206e480d863d2a92846a40f6e2896b2a
  subpackages:
  - breaker
- name: golang.org/x/net
  version: 4971afdc2f162e82d185353533d3cf16188a9f4e
  subpackages:
  - context
  - context/ctxhttp
testImports: []
